
Microsoft Visual Studio Solution File, Format Version 12.00
# Visual Studio 15
VisualStudioVersion = 15.0.28307.1705
MinimumVisualStudioVersion = 10.0.40219.1
Project("{FAE04EC0-301F-11D3-BF4B-00C04F79EFBC}") = "ServiceReservasi", "ServiceReservasi\ServiceReservasi.csproj", "{4B3DEEE7-A389-40B6-B754-6628ADDFBD4B}"
EndProject
Global
	GlobalSection(SolutionConfigurationPlatforms) = preSolution
		Debug|Any CPU = Debug|Any CPU
		Release|Any CPU = Release|Any CPU
	EndGlobalSection
	GlobalSection(ProjectConfigurationPlatforms) = postSolution
		{4B3DEEE7-A389-40B6-B754-6628ADDFBD4B}.Debug|Any CPU.ActiveCfg = Debug|Any CPU
		{4B3DEEE7-A389-40B6-B754-6628ADDFBD4B}.Debug|Any CPU.Build.0 = Debug|Any CPU
		{4B3DEEE7-A389-40B6-B754-6628ADDFBD4B}.Release|Any CPU.ActiveCfg = Release|Any CPU
		{4B3DEEE7-A389-40B6-B754-6628ADDFBD4B}.Release|Any CPU.Build.0 = Release|Any CPU
	EndGlobalSection
	GlobalSection(SolutionProperties) = preSolution
		HideSolutionNode = FALSE
	EndGlobalSection
	GlobalSection(ExtensibilityGlobals) = postSolution
		SolutionGuid = {99F6A474-8A5B-4A14-A7DA-B6E99A8256C4}
	EndGlobalSection
EndGlobal
